// !$*UTF8*$!
{
	archiveVersion = 1;
	classes = {
	};
	objectVersion = 50;
	objects = {

/* Begin PBXBuildFile section */
		616BB8ED3987AEEA457724CD /* Pods_NewsCup.framework in Frameworks */ = {isa = PBXBuildFile; fileRef = 6842C879EB1D2326B5B7C782 /* Pods_NewsCup.framework */; };
		9F05A38321C1200200ACF0A8 /* Headlines.json in Resources */ = {isa = PBXBuildFile; fileRef = 9F05A38221C1200200ACF0A8 /* Headlines.json */; };
		9F05A38721C12C5100ACF0A8 /* Home.storyboard in Resources */ = {isa = PBXBuildFile; fileRef = 9F05A38621C12C5100ACF0A8 /* Home.storyboard */; };
		9F05A38A21C12ECB00ACF0A8 /* HomeViewController.swift in Sources */ = {isa = PBXBuildFile; fileRef = 9F05A38921C12ECB00ACF0A8 /* HomeViewController.swift */; };
		9F05A38E21C1314600ACF0A8 /* HeadlinesRequestParam.swift in Sources */ = {isa = PBXBuildFile; fileRef = 9F05A38D21C1314600ACF0A8 /* HeadlinesRequestParam.swift */; };
		9F05A39021C132FF00ACF0A8 /* Headline+API.swift in Sources */ = {isa = PBXBuildFile; fileRef = 9F05A38F21C132FF00ACF0A8 /* Headline+API.swift */; };
		9F05A39221C14A4F00ACF0A8 /* Article.swift in Sources */ = {isa = PBXBuildFile; fileRef = 9F05A39121C14A4F00ACF0A8 /* Article.swift */; };
		9F0BFB21219C7C590039CB5A /* NewsRouter.swift in Sources */ = {isa = PBXBuildFile; fileRef = 9F0BFB20219C7C590039CB5A /* NewsRouter.swift */; };
		9F30DA6321C3CE9200A13E3A /* NewsDetailTitleTableViewCell.swift in Sources */ = {isa = PBXBuildFile; fileRef = 9F30DA6221C3CE9200A13E3A /* NewsDetailTitleTableViewCell.swift */; };
		9F30DA6521C3CED800A13E3A /* NewsDetailDescriptionTableViewCell.swift in Sources */ = {isa = PBXBuildFile; fileRef = 9F30DA6421C3CED800A13E3A /* NewsDetailDescriptionTableViewCell.swift */; };
		9F30DA6721C3CF2000A13E3A /* NewsWebTableViewCell.swift in Sources */ = {isa = PBXBuildFile; fileRef = 9F30DA6621C3CF2000A13E3A /* NewsWebTableViewCell.swift */; };
		9F30DA6921C3CFE700A13E3A /* NewsDetailViewController.swift in Sources */ = {isa = PBXBuildFile; fileRef = 9F30DA6821C3CFE700A13E3A /* NewsDetailViewController.swift */; };
		9F485126221FB428008BD1C3 /* SourceRouter.swift in Sources */ = {isa = PBXBuildFile; fileRef = 9F485125221FB428008BD1C3 /* SourceRouter.swift */; };
		9F48512A221FC01C008BD1C3 /* SourceTableViewCell.xib in Resources */ = {isa = PBXBuildFile; fileRef = 9F485128221FC01C008BD1C3 /* SourceTableViewCell.xib */; };
		9F505C27222154E200AF47DB /* PullToRefresh.swift in Sources */ = {isa = PBXBuildFile; fileRef = 9F505C25222154E200AF47DB /* PullToRefresh.swift */; };
		9F505C28222154E200AF47DB /* PaginationUIManager.swift in Sources */ = {isa = PBXBuildFile; fileRef = 9F505C26222154E200AF47DB /* PaginationUIManager.swift */; };
		9F89D40A21C4F8FD006F72B6 /* Root.storyboard in Resources */ = {isa = PBXBuildFile; fileRef = 9F89D40921C4F8FD006F72B6 /* Root.storyboard */; };
		9F89D40D21C4F922006F72B6 /* RootViewController.swift in Sources */ = {isa = PBXBuildFile; fileRef = 9F89D40C21C4F922006F72B6 /* RootViewController.swift */; };
		9F89D41121C4F9C7006F72B6 /* Source.storyboard in Resources */ = {isa = PBXBuildFile; fileRef = 9F89D41021C4F9C7006F72B6 /* Source.storyboard */; };
		9FA57DC7221F1EF900326B17 /* SourcesViewController.swift in Sources */ = {isa = PBXBuildFile; fileRef = 9FA57DC6221F1EF900326B17 /* SourcesViewController.swift */; };
		9FA57DCB221F25DF00326B17 /* SourceTableViewCell.swift in Sources */ = {isa = PBXBuildFile; fileRef = 9FA57DC9221F25DF00326B17 /* SourceTableViewCell.swift */; };
		9FA57DCE221F27B900326B17 /* Source.swift in Sources */ = {isa = PBXBuildFile; fileRef = 9FA57DCD221F27B900326B17 /* Source.swift */; };
		9FA57DD0221F28A500326B17 /* Source+API.swift in Sources */ = {isa = PBXBuildFile; fileRef = 9FA57DCF221F28A500326B17 /* Source+API.swift */; };
		9FAADC54219C4E0F00B7DD30 /* AppDelegate.swift in Sources */ = {isa = PBXBuildFile; fileRef = 9FAADC53219C4E0F00B7DD30 /* AppDelegate.swift */; };
		9FAADC56219C4E0F00B7DD30 /* LoginViewController.swift in Sources */ = {isa = PBXBuildFile; fileRef = 9FAADC55219C4E0F00B7DD30 /* LoginViewController.swift */; };
		9FAADC59219C4E0F00B7DD30 /* Login.storyboard in Resources */ = {isa = PBXBuildFile; fileRef = 9FAADC57219C4E0F00B7DD30 /* Login.storyboard */; };
		9FAADC5B219C4E1200B7DD30 /* Assets.xcassets in Resources */ = {isa = PBXBuildFile; fileRef = 9FAADC5A219C4E1200B7DD30 /* Assets.xcassets */; };
		9FAADC5E219C4E1200B7DD30 /* LaunchScreen.storyboard in Resources */ = {isa = PBXBuildFile; fileRef = 9FAADC5C219C4E1200B7DD30 /* LaunchScreen.storyboard */; };
		9FAADC75219C6D0800B7DD30 /* CollectionViewCell.swift in Sources */ = {isa = PBXBuildFile; fileRef = 9FAADC6C219C6D0800B7DD30 /* CollectionViewCell.swift */; };
		9FAADC76219C6D0800B7DD30 /* ImageView.swift in Sources */ = {isa = PBXBuildFile; fileRef = 9FAADC6E219C6D0800B7DD30 /* ImageView.swift */; };
		9FAADC77219C6D0800B7DD30 /* TableViewCell.swift in Sources */ = {isa = PBXBuildFile; fileRef = 9FAADC70219C6D0800B7DD30 /* TableViewCell.swift */; };
		9FAADC79219C6D0900B7DD30 /* Loader.swift in Sources */ = {isa = PBXBuildFile; fileRef = 9FAADC74219C6D0800B7DD30 /* Loader.swift */; };
		9FAADC88219C6D2700B7DD30 /* NavigationBar.swift in Sources */ = {isa = PBXBuildFile; fileRef = 9FAADC7B219C6D2700B7DD30 /* NavigationBar.swift */; };
		9FAADC89219C6D2700B7DD30 /* UIViewController+Error.swift in Sources */ = {isa = PBXBuildFile; fileRef = 9FAADC7C219C6D2700B7DD30 /* UIViewController+Error.swift */; };
		9FAADC8A219C6D2700B7DD30 /* Validation+Helper.swift in Sources */ = {isa = PBXBuildFile; fileRef = 9FAADC7D219C6D2700B7DD30 /* Validation+Helper.swift */; };
		9FAADC8B219C6D2700B7DD30 /* UIView+Helper.swift in Sources */ = {isa = PBXBuildFile; fileRef = 9FAADC7E219C6D2700B7DD30 /* UIView+Helper.swift */; };
		9FAADC8C219C6D2700B7DD30 /* AppUtility.swift in Sources */ = {isa = PBXBuildFile; fileRef = 9FAADC7F219C6D2700B7DD30 /* AppUtility.swift */; };
		9FAADC8D219C6D2700B7DD30 /* Fonts.swift in Sources */ = {isa = PBXBuildFile; fileRef = 9FAADC80219C6D2700B7DD30 /* Fonts.swift */; };
		9FAADC8E219C6D2700B7DD30 /* HTML+Helper.swift in Sources */ = {isa = PBXBuildFile; fileRef = 9FAADC81219C6D2700B7DD30 /* HTML+Helper.swift */; };
		9FAADC8F219C6D2700B7DD30 /* Int+Random.swift in Sources */ = {isa = PBXBuildFile; fileRef = 9FAADC82219C6D2700B7DD30 /* Int+Random.swift */; };
		9FAADC90219C6D2700B7DD30 /* Colors.swift in Sources */ = {isa = PBXBuildFile; fileRef = 9FAADC83219C6D2700B7DD30 /* Colors.swift */; };
		9FAADC91219C6D2700B7DD30 /* Date+Helper.swift in Sources */ = {isa = PBXBuildFile; fileRef = 9FAADC84219C6D2700B7DD30 /* Date+Helper.swift */; };
		9FAADC92219C6D2700B7DD30 /* NavigationItem.swift in Sources */ = {isa = PBXBuildFile; fileRef = 9FAADC85219C6D2700B7DD30 /* NavigationItem.swift */; };
		9FAADC93219C6D2700B7DD30 /* UIView+Slider.swift in Sources */ = {isa = PBXBuildFile; fileRef = 9FAADC86219C6D2700B7DD30 /* UIView+Slider.swift */; };
		9FAADC94219C6D2700B7DD30 /* String+Helper.swift in Sources */ = {isa = PBXBuildFile; fileRef = 9FAADC87219C6D2700B7DD30 /* String+Helper.swift */; };
		9FAADC9E219C6E2A00B7DD30 /* Model.h in Headers */ = {isa = PBXBuildFile; fileRef = 9FAADC9C219C6E2A00B7DD30 /* Model.h */; settings = {ATTRIBUTES = (Public, ); }; };
		9FAADCA1219C6E2A00B7DD30 /* Model.framework in Frameworks */ = {isa = PBXBuildFile; fileRef = 9FAADC9A219C6E2A00B7DD30 /* Model.framework */; };
		9FAADCA2219C6E2A00B7DD30 /* Model.framework in Embed Frameworks */ = {isa = PBXBuildFile; fileRef = 9FAADC9A219C6E2A00B7DD30 /* Model.framework */; settings = {ATTRIBUTES = (CodeSignOnCopy, RemoveHeadersOnCopy, ); }; };
		9FAADCB6219C6F3600B7DD30 /* CrashLogger.swift in Sources */ = {isa = PBXBuildFile; fileRef = 9FAADCA8219C6F3500B7DD30 /* CrashLogger.swift */; };
		9FAADCB7219C6F3600B7DD30 /* DataModel.swift in Sources */ = {isa = PBXBuildFile; fileRef = 9FAADCAA219C6F3500B7DD30 /* DataModel.swift */; };
		9FAADCB8219C6F3600B7DD30 /* APIError.swift in Sources */ = {isa = PBXBuildFile; fileRef = 9FAADCAC219C6F3500B7DD30 /* APIError.swift */; };
		9FAADCB9219C6F3600B7DD30 /* NewsCupAPIClient.swift in Sources */ = {isa = PBXBuildFile; fileRef = 9FAADCAD219C6F3500B7DD30 /* NewsCupAPIClient.swift */; };
		9FAADCBA219C6F3600B7DD30 /* APIConfig.swift in Sources */ = {isa = PBXBuildFile; fileRef = 9FAADCAE219C6F3500B7DD30 /* APIConfig.swift */; };
		9FAADCBB219C6F3600B7DD30 /* BaseRouter.swift in Sources */ = {isa = PBXBuildFile; fileRef = 9FAADCAF219C6F3500B7DD30 /* BaseRouter.swift */; };
		9FAADCBC219C6F3600B7DD30 /* ErrorResponse.swift in Sources */ = {isa = PBXBuildFile; fileRef = 9FAADCB0219C6F3500B7DD30 /* ErrorResponse.swift */; };
		9FAADCBD219C6F3600B7DD30 /* AuthHeaders.swift in Sources */ = {isa = PBXBuildFile; fileRef = 9FAADCB1219C6F3500B7DD30 /* AuthHeaders.swift */; };
		9FAADCBE219C6F3600B7DD30 /* Date+JSON.swift in Sources */ = {isa = PBXBuildFile; fileRef = 9FAADCB3219C6F3500B7DD30 /* Date+JSON.swift */; };
		9FAADCBF219C6F3600B7DD30 /* Analytics.swift in Sources */ = {isa = PBXBuildFile; fileRef = 9FAADCB5219C6F3500B7DD30 /* Analytics.swift */; };
		9FB40A6921C226E10050E2DE /* TopNewsTableViewCell.swift in Sources */ = {isa = PBXBuildFile; fileRef = 9FB40A6721C226E10050E2DE /* TopNewsTableViewCell.swift */; };
		9FB40A6A21C226E10050E2DE /* TopNewsTableViewCell.xib in Resources */ = {isa = PBXBuildFile; fileRef = 9FB40A6821C226E10050E2DE /* TopNewsTableViewCell.xib */; };
		9FB40A6D21C22E4E0050E2DE /* TopNewsCellModel.swift in Sources */ = {isa = PBXBuildFile; fileRef = 9FB40A6C21C22E4E0050E2DE /* TopNewsCellModel.swift */; };
		9FB40A6F21C24DAF0050E2DE /* FilterAttributeTableViewCell.swift in Sources */ = {isa = PBXBuildFile; fileRef = 9FB40A6E21C24DAF0050E2DE /* FilterAttributeTableViewCell.swift */; };
		9FB40A7121C24DC70050E2DE /* FilterValueTableViewCell.swift in Sources */ = {isa = PBXBuildFile; fileRef = 9FB40A7021C24DC70050E2DE /* FilterValueTableViewCell.swift */; };
		9FB40A7321C24E080050E2DE /* FilterViewController.swift in Sources */ = {isa = PBXBuildFile; fileRef = 9FB40A7221C24E080050E2DE /* FilterViewController.swift */; };
		9FB40A7521C256480050E2DE /* FilterViewModel.swift in Sources */ = {isa = PBXBuildFile; fileRef = 9FB40A7421C256480050E2DE /* FilterViewModel.swift */; };
		C4EF58A846E91F2B3D1DCFDD /* Pods_Model.framework in Frameworks */ = {isa = PBXBuildFile; fileRef = 37DDD0A54487BDDDBF2C3C41 /* Pods_Model.framework */; };
/* End PBXBuildFile section */

/* Begin PBXContainerItemProxy section */
		9FAADC9F219C6E2A00B7DD30 /* PBXContainerItemProxy */ = {
			isa = PBXContainerItemProxy;
			containerPortal = 9FAADC48219C4E0F00B7DD30 /* Project object */;
			proxyType = 1;
			remoteGlobalIDString = 9FAADC99219C6E2A00B7DD30;
			remoteInfo = Model;
		};
/* End PBXContainerItemProxy section */

/* Begin PBXCopyFilesBuildPhase section */
		9FAADCA6219C6E2A00B7DD30 /* Embed Frameworks */ = {
			isa = PBXCopyFilesBuildPhase;
			buildActionMask = 2147483647;
			dstPath = "";
			dstSubfolderSpec = 10;
			files = (
				9FAADCA2219C6E2A00B7DD30 /* Model.framework in Embed Frameworks */,
			);
			name = "Embed Frameworks";
			runOnlyForDeploymentPostprocessing = 0;
		};
/* End PBXCopyFilesBuildPhase section */

/* Begin PBXFileReference section */
		37DDD0A54487BDDDBF2C3C41 /* Pods_Model.framework */ = {isa = PBXFileReference; explicitFileType = wrapper.framework; includeInIndex = 0; path = Pods_Model.framework; sourceTree = BUILT_PRODUCTS_DIR; };
		6842C879EB1D2326B5B7C782 /* Pods_NewsCup.framework */ = {isa = PBXFileReference; explicitFileType = wrapper.framework; includeInIndex = 0; path = Pods_NewsCup.framework; sourceTree = BUILT_PRODUCTS_DIR; };
		7EB3E16073D7F1F2F50FBA90 /* Pods-Model.debug.xcconfig */ = {isa = PBXFileReference; includeInIndex = 1; lastKnownFileType = text.xcconfig; name = "Pods-Model.debug.xcconfig"; path = "Pods/Target Support Files/Pods-Model/Pods-Model.debug.xcconfig"; sourceTree = "<group>"; };
		88B36806804093A5DC90CC25 /* Pods-Model.release.xcconfig */ = {isa = PBXFileReference; includeInIndex = 1; lastKnownFileType = text.xcconfig; name = "Pods-Model.release.xcconfig"; path = "Pods/Target Support Files/Pods-Model/Pods-Model.release.xcconfig"; sourceTree = "<group>"; };
		9F05A38221C1200200ACF0A8 /* Headlines.json */ = {isa = PBXFileReference; fileEncoding = 4; lastKnownFileType = text.json; path = Headlines.json; sourceTree = "<group>"; };
		9F05A38621C12C5100ACF0A8 /* Home.storyboard */ = {isa = PBXFileReference; lastKnownFileType = file.storyboard; path = Home.storyboard; sourceTree = "<group>"; };
		9F05A38921C12ECB00ACF0A8 /* HomeViewController.swift */ = {isa = PBXFileReference; lastKnownFileType = sourcecode.swift; path = HomeViewController.swift; sourceTree = "<group>"; };
		9F05A38D21C1314600ACF0A8 /* HeadlinesRequestParam.swift */ = {isa = PBXFileReference; lastKnownFileType = sourcecode.swift; path = HeadlinesRequestParam.swift; sourceTree = "<group>"; };
		9F05A38F21C132FF00ACF0A8 /* Headline+API.swift */ = {isa = PBXFileReference; lastKnownFileType = sourcecode.swift; path = "Headline+API.swift"; sourceTree = "<group>"; };
		9F05A39121C14A4F00ACF0A8 /* Article.swift */ = {isa = PBXFileReference; lastKnownFileType = sourcecode.swift; path = Article.swift; sourceTree = "<group>"; };
		9F0BFB20219C7C590039CB5A /* NewsRouter.swift */ = {isa = PBXFileReference; lastKnownFileType = sourcecode.swift; path = NewsRouter.swift; sourceTree = "<group>"; };
		9F30DA6221C3CE9200A13E3A /* NewsDetailTitleTableViewCell.swift */ = {isa = PBXFileReference; lastKnownFileType = sourcecode.swift; path = NewsDetailTitleTableViewCell.swift; sourceTree = "<group>"; };
		9F30DA6421C3CED800A13E3A /* NewsDetailDescriptionTableViewCell.swift */ = {isa = PBXFileReference; lastKnownFileType = sourcecode.swift; path = NewsDetailDescriptionTableViewCell.swift; sourceTree = "<group>"; };
		9F30DA6621C3CF2000A13E3A /* NewsWebTableViewCell.swift */ = {isa = PBXFileReference; lastKnownFileType = sourcecode.swift; path = NewsWebTableViewCell.swift; sourceTree = "<group>"; };
		9F30DA6821C3CFE700A13E3A /* NewsDetailViewController.swift */ = {isa = PBXFileReference; lastKnownFileType = sourcecode.swift; path = NewsDetailViewController.swift; sourceTree = "<group>"; };
		9F485125221FB428008BD1C3 /* SourceRouter.swift */ = {isa = PBXFileReference; lastKnownFileType = sourcecode.swift; path = SourceRouter.swift; sourceTree = "<group>"; };
		9F485128221FC01C008BD1C3 /* SourceTableViewCell.xib */ = {isa = PBXFileReference; lastKnownFileType = file.xib; path = SourceTableViewCell.xib; sourceTree = "<group>"; };
		9F505C25222154E200AF47DB /* PullToRefresh.swift */ = {isa = PBXFileReference; fileEncoding = 4; lastKnownFileType = sourcecode.swift; path = PullToRefresh.swift; sourceTree = "<group>"; };
		9F505C26222154E200AF47DB /* PaginationUIManager.swift */ = {isa = PBXFileReference; fileEncoding = 4; lastKnownFileType = sourcecode.swift; path = PaginationUIManager.swift; sourceTree = "<group>"; };
		9F89D40921C4F8FD006F72B6 /* Root.storyboard */ = {isa = PBXFileReference; lastKnownFileType = file.storyboard; path = Root.storyboard; sourceTree = "<group>"; };
		9F89D40C21C4F922006F72B6 /* RootViewController.swift */ = {isa = PBXFileReference; lastKnownFileType = sourcecode.swift; path = RootViewController.swift; sourceTree = "<group>"; };
		9F89D41021C4F9C7006F72B6 /* Source.storyboard */ = {isa = PBXFileReference; lastKnownFileType = file.storyboard; path = Source.storyboard; sourceTree = "<group>"; };
		9FA57DC6221F1EF900326B17 /* SourcesViewController.swift */ = {isa = PBXFileReference; lastKnownFileType = sourcecode.swift; path = SourcesViewController.swift; sourceTree = "<group>"; };
		9FA57DC9221F25DF00326B17 /* SourceTableViewCell.swift */ = {isa = PBXFileReference; lastKnownFileType = sourcecode.swift; path = SourceTableViewCell.swift; sourceTree = "<group>"; };
		9FA57DCD221F27B900326B17 /* Source.swift */ = {isa = PBXFileReference; lastKnownFileType = sourcecode.swift; path = Source.swift; sourceTree = "<group>"; };
		9FA57DCF221F28A500326B17 /* Source+API.swift */ = {isa = PBXFileReference; lastKnownFileType = sourcecode.swift; path = "Source+API.swift"; sourceTree = "<group>"; };
		9FAADC50219C4E0F00B7DD30 /* NewsCup.app */ = {isa = PBXFileReference; explicitFileType = wrapper.application; includeInIndex = 0; path = NewsCup.app; sourceTree = BUILT_PRODUCTS_DIR; };
		9FAADC53219C4E0F00B7DD30 /* AppDelegate.swift */ = {isa = PBXFileReference; lastKnownFileType = sourcecode.swift; path = AppDelegate.swift; sourceTree = "<group>"; };
		9FAADC55219C4E0F00B7DD30 /* LoginViewController.swift */ = {isa = PBXFileReference; lastKnownFileType = sourcecode.swift; path = LoginViewController.swift; sourceTree = "<group>"; };
		9FAADC58219C4E0F00B7DD30 /* Base */ = {isa = PBXFileReference; lastKnownFileType = file.storyboard; name = Base; path = Base.lproj/Login.storyboard; sourceTree = "<group>"; };
		9FAADC5A219C4E1200B7DD30 /* Assets.xcassets */ = {isa = PBXFileReference; lastKnownFileType = folder.assetcatalog; path = Assets.xcassets; sourceTree = "<group>"; };
		9FAADC5D219C4E1200B7DD30 /* Base */ = {isa = PBXFileReference; lastKnownFileType = file.storyboard; name = Base; path = Base.lproj/LaunchScreen.storyboard; sourceTree = "<group>"; };
		9FAADC5F219C4E1200B7DD30 /* Info.plist */ = {isa = PBXFileReference; lastKnownFileType = text.plist.xml; path = Info.plist; sourceTree = "<group>"; };
		9FAADC6C219C6D0800B7DD30 /* CollectionViewCell.swift */ = {isa = PBXFileReference; fileEncoding = 4; lastKnownFileType = sourcecode.swift; path = CollectionViewCell.swift; sourceTree = "<group>"; };
		9FAADC6E219C6D0800B7DD30 /* ImageView.swift */ = {isa = PBXFileReference; fileEncoding = 4; lastKnownFileType = sourcecode.swift; path = ImageView.swift; sourceTree = "<group>"; };
		9FAADC70219C6D0800B7DD30 /* TableViewCell.swift */ = {isa = PBXFileReference; fileEncoding = 4; lastKnownFileType = sourcecode.swift; path = TableViewCell.swift; sourceTree = "<group>"; };
		9FAADC74219C6D0800B7DD30 /* Loader.swift */ = {isa = PBXFileReference; fileEncoding = 4; lastKnownFileType = sourcecode.swift; path = Loader.swift; sourceTree = "<group>"; };
		9FAADC7B219C6D2700B7DD30 /* NavigationBar.swift */ = {isa = PBXFileReference; fileEncoding = 4; lastKnownFileType = sourcecode.swift; path = NavigationBar.swift; sourceTree = "<group>"; };
		9FAADC7C219C6D2700B7DD30 /* UIViewController+Error.swift */ = {isa = PBXFileReference; fileEncoding = 4; lastKnownFileType = sourcecode.swift; path = "UIViewController+Error.swift"; sourceTree = "<group>"; };
		9FAADC7D219C6D2700B7DD30 /* Validation+Helper.swift */ = {isa = PBXFileReference; fileEncoding = 4; lastKnownFileType = sourcecode.swift; path = "Validation+Helper.swift"; sourceTree = "<group>"; };
		9FAADC7E219C6D2700B7DD30 /* UIView+Helper.swift */ = {isa = PBXFileReference; fileEncoding = 4; lastKnownFileType = sourcecode.swift; path = "UIView+Helper.swift"; sourceTree = "<group>"; };
		9FAADC7F219C6D2700B7DD30 /* AppUtility.swift */ = {isa = PBXFileReference; fileEncoding = 4; lastKnownFileType = sourcecode.swift; path = AppUtility.swift; sourceTree = "<group>"; };
		9FAADC80219C6D2700B7DD30 /* Fonts.swift */ = {isa = PBXFileReference; fileEncoding = 4; lastKnownFileType = sourcecode.swift; path = Fonts.swift; sourceTree = "<group>"; };
		9FAADC81219C6D2700B7DD30 /* HTML+Helper.swift */ = {isa = PBXFileReference; fileEncoding = 4; lastKnownFileType = sourcecode.swift; path = "HTML+Helper.swift"; sourceTree = "<group>"; };
		9FAADC82219C6D2700B7DD30 /* Int+Random.swift */ = {isa = PBXFileReference; fileEncoding = 4; lastKnownFileType = sourcecode.swift; path = "Int+Random.swift"; sourceTree = "<group>"; };
		9FAADC83219C6D2700B7DD30 /* Colors.swift */ = {isa = PBXFileReference; fileEncoding = 4; lastKnownFileType = sourcecode.swift; path = Colors.swift; sourceTree = "<group>"; };
		9FAADC84219C6D2700B7DD30 /* Date+Helper.swift */ = {isa = PBXFileReference; fileEncoding = 4; lastKnownFileType = sourcecode.swift; path = "Date+Helper.swift"; sourceTree = "<group>"; };
		9FAADC85219C6D2700B7DD30 /* NavigationItem.swift */ = {isa = PBXFileReference; fileEncoding = 4; lastKnownFileType = sourcecode.swift; path = NavigationItem.swift; sourceTree = "<group>"; };
		9FAADC86219C6D2700B7DD30 /* UIView+Slider.swift */ = {isa = PBXFileReference; fileEncoding = 4; lastKnownFileType = sourcecode.swift; path = "UIView+Slider.swift"; sourceTree = "<group>"; };
		9FAADC87219C6D2700B7DD30 /* String+Helper.swift */ = {isa = PBXFileReference; fileEncoding = 4; lastKnownFileType = sourcecode.swift; path = "String+Helper.swift"; sourceTree = "<group>"; };
		9FAADC9A219C6E2A00B7DD30 /* Model.framework */ = {isa = PBXFileReference; explicitFileType = wrapper.framework; includeInIndex = 0; path = Model.framework; sourceTree = BUILT_PRODUCTS_DIR; };
		9FAADC9C219C6E2A00B7DD30 /* Model.h */ = {isa = PBXFileReference; lastKnownFileType = sourcecode.c.h; path = Model.h; sourceTree = "<group>"; };
		9FAADC9D219C6E2A00B7DD30 /* Info.plist */ = {isa = PBXFileReference; lastKnownFileType = text.plist.xml; path = Info.plist; sourceTree = "<group>"; };
		9FAADCA8219C6F3500B7DD30 /* CrashLogger.swift */ = {isa = PBXFileReference; fileEncoding = 4; lastKnownFileType = sourcecode.swift; path = CrashLogger.swift; sourceTree = "<group>"; };
		9FAADCAA219C6F3500B7DD30 /* DataModel.swift */ = {isa = PBXFileReference; fileEncoding = 4; lastKnownFileType = sourcecode.swift; path = DataModel.swift; sourceTree = "<group>"; };
		9FAADCAC219C6F3500B7DD30 /* APIError.swift */ = {isa = PBXFileReference; fileEncoding = 4; lastKnownFileType = sourcecode.swift; path = APIError.swift; sourceTree = "<group>"; };
		9FAADCAD219C6F3500B7DD30 /* NewsCupAPIClient.swift */ = {isa = PBXFileReference; fileEncoding = 4; lastKnownFileType = sourcecode.swift; path = NewsCupAPIClient.swift; sourceTree = "<group>"; };
		9FAADCAE219C6F3500B7DD30 /* APIConfig.swift */ = {isa = PBXFileReference; fileEncoding = 4; lastKnownFileType = sourcecode.swift; path = APIConfig.swift; sourceTree = "<group>"; };
		9FAADCAF219C6F3500B7DD30 /* BaseRouter.swift */ = {isa = PBXFileReference; fileEncoding = 4; lastKnownFileType = sourcecode.swift; path = BaseRouter.swift; sourceTree = "<group>"; };
		9FAADCB0219C6F3500B7DD30 /* ErrorResponse.swift */ = {isa = PBXFileReference; fileEncoding = 4; lastKnownFileType = sourcecode.swift; path = ErrorResponse.swift; sourceTree = "<group>"; };
		9FAADCB1219C6F3500B7DD30 /* AuthHeaders.swift */ = {isa = PBXFileReference; fileEncoding = 4; lastKnownFileType = sourcecode.swift; path = AuthHeaders.swift; sourceTree = "<group>"; };
		9FAADCB3219C6F3500B7DD30 /* Date+JSON.swift */ = {isa = PBXFileReference; fileEncoding = 4; lastKnownFileType = sourcecode.swift; path = "Date+JSON.swift"; sourceTree = "<group>"; };
		9FAADCB5219C6F3500B7DD30 /* Analytics.swift */ = {isa = PBXFileReference; fileEncoding = 4; lastKnownFileType = sourcecode.swift; path = Analytics.swift; sourceTree = "<group>"; };
		9FB40A6721C226E10050E2DE /* TopNewsTableViewCell.swift */ = {isa = PBXFileReference; lastKnownFileType = sourcecode.swift; path = TopNewsTableViewCell.swift; sourceTree = "<group>"; };
		9FB40A6821C226E10050E2DE /* TopNewsTableViewCell.xib */ = {isa = PBXFileReference; lastKnownFileType = file.xib; path = TopNewsTableViewCell.xib; sourceTree = "<group>"; };
		9FB40A6C21C22E4E0050E2DE /* TopNewsCellModel.swift */ = {isa = PBXFileReference; lastKnownFileType = sourcecode.swift; path = TopNewsCellModel.swift; sourceTree = "<group>"; };
		9FB40A6E21C24DAF0050E2DE /* FilterAttributeTableViewCell.swift */ = {isa = PBXFileReference; lastKnownFileType = sourcecode.swift; path = FilterAttributeTableViewCell.swift; sourceTree = "<group>"; };
		9FB40A7021C24DC70050E2DE /* FilterValueTableViewCell.swift */ = {isa = PBXFileReference; lastKnownFileType = sourcecode.swift; path = FilterValueTableViewCell.swift; sourceTree = "<group>"; };
		9FB40A7221C24E080050E2DE /* FilterViewController.swift */ = {isa = PBXFileReference; lastKnownFileType = sourcecode.swift; path = FilterViewController.swift; sourceTree = "<group>"; };
		9FB40A7421C256480050E2DE /* FilterViewModel.swift */ = {isa = PBXFileReference; lastKnownFileType = sourcecode.swift; path = FilterViewModel.swift; sourceTree = "<group>"; };
		D520FD7C43823AC3041C0069 /* Pods-NewsCup.debug.xcconfig */ = {isa = PBXFileReference; includeInIndex = 1; lastKnownFileType = text.xcconfig; name = "Pods-NewsCup.debug.xcconfig"; path = "Pods/Target Support Files/Pods-NewsCup/Pods-NewsCup.debug.xcconfig"; sourceTree = "<group>"; };
		EEEE784D201308084FFF5A92 /* Pods-NewsCup.release.xcconfig */ = {isa = PBXFileReference; includeInIndex = 1; lastKnownFileType = text.xcconfig; name = "Pods-NewsCup.release.xcconfig"; path = "Pods/Target Support Files/Pods-NewsCup/Pods-NewsCup.release.xcconfig"; sourceTree = "<group>"; };
/* End PBXFileReference section */

/* Begin PBXFrameworksBuildPhase section */
		9FAADC4D219C4E0F00B7DD30 /* Frameworks */ = {
			isa = PBXFrameworksBuildPhase;
			buildActionMask = 2147483647;
			files = (
				9FAADCA1219C6E2A00B7DD30 /* Model.framework in Frameworks */,
				616BB8ED3987AEEA457724CD /* Pods_NewsCup.framework in Frameworks */,
			);
			runOnlyForDeploymentPostprocessing = 0;
		};
		9FAADC96219C6E2A00B7DD30 /* Frameworks */ = {
			isa = PBXFrameworksBuildPhase;
			buildActionMask = 2147483647;
			files = (
				C4EF58A846E91F2B3D1DCFDD /* Pods_Model.framework in Frameworks */,
			);
			runOnlyForDeploymentPostprocessing = 0;
		};
/* End PBXFrameworksBuildPhase section */

/* Begin PBXGroup section */
		06CB1A2347CFA1218E142C31 /* Frameworks */ = {
			isa = PBXGroup;
			children = (
				37DDD0A54487BDDDBF2C3C41 /* Pods_Model.framework */,
				6842C879EB1D2326B5B7C782 /* Pods_NewsCup.framework */,
			);
			name = Frameworks;
			sourceTree = "<group>";
		};
		5C87CF4FC492B35525A9B125 /* Pods */ = {
			isa = PBXGroup;
			children = (
				7EB3E16073D7F1F2F50FBA90 /* Pods-Model.debug.xcconfig */,
				88B36806804093A5DC90CC25 /* Pods-Model.release.xcconfig */,
				D520FD7C43823AC3041C0069 /* Pods-NewsCup.debug.xcconfig */,
				EEEE784D201308084FFF5A92 /* Pods-NewsCup.release.xcconfig */,
			);
			name = Pods;
			sourceTree = "<group>";
		};
		9F05A37F21C11E7000ACF0A8 /* JSON */ = {
			isa = PBXGroup;
			children = (
				9F05A38221C1200200ACF0A8 /* Headlines.json */,
			);
			path = JSON;
			sourceTree = "<group>";
		};
		9F05A38521C1282D00ACF0A8 /* Home */ = {
			isa = PBXGroup;
			children = (
				9F05A38621C12C5100ACF0A8 /* Home.storyboard */,
				9FB40A6621C226AE0050E2DE /* View */,
				9F05A38821C12E5700ACF0A8 /* Controller */,
				9FB40A6B21C226F30050E2DE /* ViewModel */,
			);
			path = Home;
			sourceTree = "<group>";
		};
		9F05A38821C12E5700ACF0A8 /* Controller */ = {
			isa = PBXGroup;
			children = (
				9F05A38921C12ECB00ACF0A8 /* HomeViewController.swift */,
				9FB40A7221C24E080050E2DE /* FilterViewController.swift */,
				9F30DA6821C3CFE700A13E3A /* NewsDetailViewController.swift */,
			);
			path = Controller;
			sourceTree = "<group>";
		};
		9F05A38B21C1310B00ACF0A8 /* Entities */ = {
			isa = PBXGroup;
			children = (
				9F05A38D21C1314600ACF0A8 /* HeadlinesRequestParam.swift */,
				9F05A39121C14A4F00ACF0A8 /* Article.swift */,
				9FA57DCD221F27B900326B17 /* Source.swift */,
			);
			path = Entities;
			sourceTree = "<group>";
		};
		9F05A38C21C1311200ACF0A8 /* API */ = {
			isa = PBXGroup;
			children = (
				9F05A38F21C132FF00ACF0A8 /* Headline+API.swift */,
				9FA57DCF221F28A500326B17 /* Source+API.swift */,
			);
			path = API;
			sourceTree = "<group>";
		};
		9F0BFB1D219C76E30039CB5A /* Controller */ = {
			isa = PBXGroup;
			children = (
				9FAADC55219C4E0F00B7DD30 /* LoginViewController.swift */,
			);
			path = Controller;
			sourceTree = "<group>";
		};
		9F0BFB1E219C7C150039CB5A /* Router */ = {
			isa = PBXGroup;
			children = (
				9FAADCAF219C6F3500B7DD30 /* BaseRouter.swift */,
				9F0BFB20219C7C590039CB5A /* NewsRouter.swift */,
				9F485125221FB428008BD1C3 /* SourceRouter.swift */,
			);
			path = Router;
			sourceTree = "<group>";
		};
		9F0BFB1F219C7C270039CB5A /* Error */ = {
			isa = PBXGroup;
			children = (
				9FAADCB0219C6F3500B7DD30 /* ErrorResponse.swift */,
				9FAADCAC219C6F3500B7DD30 /* APIError.swift */,
			);
			path = Error;
			sourceTree = "<group>";
		};
		9F505C24222154E200AF47DB /* Pagination */ = {
			isa = PBXGroup;
			children = (
				9F505C25222154E200AF47DB /* PullToRefresh.swift */,
				9F505C26222154E200AF47DB /* PaginationUIManager.swift */,
			);
			path = Pagination;
			sourceTree = "<group>";
		};
		9F89D40821C4F8ED006F72B6 /* Root */ = {
			isa = PBXGroup;
			children = (
				9F89D40921C4F8FD006F72B6 /* Root.storyboard */,
				9F89D40B21C4F902006F72B6 /* ViewController */,
			);
			path = Root;
			sourceTree = "<group>";
		};
		9F89D40B21C4F902006F72B6 /* ViewController */ = {
			isa = PBXGroup;
			children = (
				9F89D40C21C4F922006F72B6 /* RootViewController.swift */,
			);
			path = ViewController;
			sourceTree = "<group>";
		};
		9F89D40E21C4F9A6006F72B6 /* Source */ = {
			isa = PBXGroup;
			children = (
				9F89D41021C4F9C7006F72B6 /* Source.storyboard */,
				9FA57DC8221F25BE00326B17 /* View */,
				9F89D40F21C4F9B6006F72B6 /* ViewController */,
			);
			path = Source;
			sourceTree = "<group>";
		};
		9F89D40F21C4F9B6006F72B6 /* ViewController */ = {
			isa = PBXGroup;
			children = (
				9FA57DC6221F1EF900326B17 /* SourcesViewController.swift */,
			);
			path = ViewController;
			sourceTree = "<group>";
		};
		9FA57DC8221F25BE00326B17 /* View */ = {
			isa = PBXGroup;
			children = (
				9FA57DC9221F25DF00326B17 /* SourceTableViewCell.swift */,
				9F485128221FC01C008BD1C3 /* SourceTableViewCell.xib */,
			);
			path = View;
			sourceTree = "<group>";
		};
		9FAADC47219C4E0F00B7DD30 = {
			isa = PBXGroup;
			children = (
				9FAADC52219C4E0F00B7DD30 /* NewsCup */,
				9FAADC9B219C6E2A00B7DD30 /* Model */,
				9FAADC51219C4E0F00B7DD30 /* Products */,
				5C87CF4FC492B35525A9B125 /* Pods */,
				06CB1A2347CFA1218E142C31 /* Frameworks */,
			);
			sourceTree = "<group>";
		};
		9FAADC51219C4E0F00B7DD30 /* Products */ = {
			isa = PBXGroup;
			children = (
				9FAADC50219C4E0F00B7DD30 /* NewsCup.app */,
				9FAADC9A219C6E2A00B7DD30 /* Model.framework */,
			);
			name = Products;
			sourceTree = "<group>";
		};
		9FAADC52219C4E0F00B7DD30 /* NewsCup */ = {
			isa = PBXGroup;
			children = (
				9FAADC65219C6C3100B7DD30 /* Code */,
				9FAADC66219C6C3B00B7DD30 /* Resources */,
			);
			path = NewsCup;
			sourceTree = "<group>";
		};
		9FAADC65219C6C3100B7DD30 /* Code */ = {
			isa = PBXGroup;
			children = (
				9FAADC53219C4E0F00B7DD30 /* AppDelegate.swift */,
				9FAADC68219C6C9400B7DD30 /* UI */,
				9FAADC7A219C6D2700B7DD30 /* Helpers */,
			);
			path = Code;
			sourceTree = "<group>";
		};
		9FAADC66219C6C3B00B7DD30 /* Resources */ = {
			isa = PBXGroup;
			children = (
				9FAADC5A219C4E1200B7DD30 /* Assets.xcassets */,
				9FAADC5C219C4E1200B7DD30 /* LaunchScreen.storyboard */,
				9FAADC5F219C4E1200B7DD30 /* Info.plist */,
				9F05A37F21C11E7000ACF0A8 /* JSON */,
				9FAADC67219C6C5500B7DD30 /* Fonts */,
			);
			path = Resources;
			sourceTree = "<group>";
		};
		9FAADC67219C6C5500B7DD30 /* Fonts */ = {
			isa = PBXGroup;
			children = (
			);
			path = Fonts;
			sourceTree = "<group>";
		};
		9FAADC68219C6C9400B7DD30 /* UI */ = {
			isa = PBXGroup;
			children = (
				9F89D40821C4F8ED006F72B6 /* Root */,
				9FAADC69219C6CEF00B7DD30 /* Login */,
				9F05A38521C1282D00ACF0A8 /* Home */,
				9F89D40E21C4F9A6006F72B6 /* Source */,
				9FAADC6A219C6D0800B7DD30 /* Common */,
			);
			path = UI;
			sourceTree = "<group>";
		};
		9FAADC69219C6CEF00B7DD30 /* Login */ = {
			isa = PBXGroup;
			children = (
				9FAADC57219C4E0F00B7DD30 /* Login.storyboard */,
				9F0BFB1D219C76E30039CB5A /* Controller */,
			);
			path = Login;
			sourceTree = "<group>";
		};
		9FAADC6A219C6D0800B7DD30 /* Common */ = {
			isa = PBXGroup;
			children = (
				9F505C24222154E200AF47DB /* Pagination */,
				9FAADC6B219C6D0800B7DD30 /* CollectionCell */,
				9FAADC6D219C6D0800B7DD30 /* ImageView */,
				9FAADC6F219C6D0800B7DD30 /* TableCell */,
				9FAADC73219C6D0800B7DD30 /* Loader */,
			);
			path = Common;
			sourceTree = "<group>";
		};
		9FAADC6B219C6D0800B7DD30 /* CollectionCell */ = {
			isa = PBXGroup;
			children = (
				9FAADC6C219C6D0800B7DD30 /* CollectionViewCell.swift */,
			);
			path = CollectionCell;
			sourceTree = "<group>";
		};
		9FAADC6D219C6D0800B7DD30 /* ImageView */ = {
			isa = PBXGroup;
			children = (
				9FAADC6E219C6D0800B7DD30 /* ImageView.swift */,
			);
			path = ImageView;
			sourceTree = "<group>";
		};
		9FAADC6F219C6D0800B7DD30 /* TableCell */ = {
			isa = PBXGroup;
			children = (
				9FAADC70219C6D0800B7DD30 /* TableViewCell.swift */,
			);
			path = TableCell;
			sourceTree = "<group>";
		};
		9FAADC73219C6D0800B7DD30 /* Loader */ = {
			isa = PBXGroup;
			children = (
				9FAADC74219C6D0800B7DD30 /* Loader.swift */,
			);
			path = Loader;
			sourceTree = "<group>";
		};
		9FAADC7A219C6D2700B7DD30 /* Helpers */ = {
			isa = PBXGroup;
			children = (
				9FAADC7B219C6D2700B7DD30 /* NavigationBar.swift */,
				9FAADC7C219C6D2700B7DD30 /* UIViewController+Error.swift */,
				9FAADC7D219C6D2700B7DD30 /* Validation+Helper.swift */,
				9FAADC7E219C6D2700B7DD30 /* UIView+Helper.swift */,
				9FAADC7F219C6D2700B7DD30 /* AppUtility.swift */,
				9FAADC80219C6D2700B7DD30 /* Fonts.swift */,
				9FAADC81219C6D2700B7DD30 /* HTML+Helper.swift */,
				9FAADC82219C6D2700B7DD30 /* Int+Random.swift */,
				9FAADC83219C6D2700B7DD30 /* Colors.swift */,
				9FAADC84219C6D2700B7DD30 /* Date+Helper.swift */,
				9FAADC85219C6D2700B7DD30 /* NavigationItem.swift */,
				9FAADC86219C6D2700B7DD30 /* UIView+Slider.swift */,
				9FAADC87219C6D2700B7DD30 /* String+Helper.swift */,
			);
			path = Helpers;
			sourceTree = "<group>";
		};
		9FAADC9B219C6E2A00B7DD30 /* Model */ = {
			isa = PBXGroup;
			children = (
				9FAADCB4219C6F3500B7DD30 /* Analytics */,
				9FAADCAB219C6F3500B7DD30 /* API */,
				9FAADCA7219C6F3500B7DD30 /* CrashLogs */,
				9FAADCA9219C6F3500B7DD30 /* DataModel */,
				9FAADC9C219C6E2A00B7DD30 /* Model.h */,
				9FAADC9D219C6E2A00B7DD30 /* Info.plist */,
			);
			path = Model;
			sourceTree = "<group>";
		};
		9FAADCA7219C6F3500B7DD30 /* CrashLogs */ = {
			isa = PBXGroup;
			children = (
				9FAADCA8219C6F3500B7DD30 /* CrashLogger.swift */,
			);
			path = CrashLogs;
			sourceTree = "<group>";
		};
		9FAADCA9219C6F3500B7DD30 /* DataModel */ = {
			isa = PBXGroup;
			children = (
				9FAADCAA219C6F3500B7DD30 /* DataModel.swift */,
				9F05A38C21C1311200ACF0A8 /* API */,
				9F05A38B21C1310B00ACF0A8 /* Entities */,
			);
			path = DataModel;
			sourceTree = "<group>";
		};
		9FAADCAB219C6F3500B7DD30 /* API */ = {
			isa = PBXGroup;
			children = (
				9FAADCAD219C6F3500B7DD30 /* NewsCupAPIClient.swift */,
				9FAADCAE219C6F3500B7DD30 /* APIConfig.swift */,
				9FAADCB1219C6F3500B7DD30 /* AuthHeaders.swift */,
				9F0BFB1F219C7C270039CB5A /* Error */,
				9F0BFB1E219C7C150039CB5A /* Router */,
				9FAADCB2219C6F3500B7DD30 /* Parsing */,
			);
			path = API;
			sourceTree = "<group>";
		};
		9FAADCB2219C6F3500B7DD30 /* Parsing */ = {
			isa = PBXGroup;
			children = (
				9FAADCB3219C6F3500B7DD30 /* Date+JSON.swift */,
			);
			path = Parsing;
			sourceTree = "<group>";
		};
		9FAADCB4219C6F3500B7DD30 /* Analytics */ = {
			isa = PBXGroup;
			children = (
				9FAADCB5219C6F3500B7DD30 /* Analytics.swift */,
			);
			path = Analytics;
			sourceTree = "<group>";
		};
		9FB40A6621C226AE0050E2DE /* View */ = {
			isa = PBXGroup;
			children = (
				9FB40A6721C226E10050E2DE /* TopNewsTableViewCell.swift */,
				9FB40A6821C226E10050E2DE /* TopNewsTableViewCell.xib */,
				9FB40A6E21C24DAF0050E2DE /* FilterAttributeTableViewCell.swift */,
				9FB40A7021C24DC70050E2DE /* FilterValueTableViewCell.swift */,
				9F30DA6221C3CE9200A13E3A /* NewsDetailTitleTableViewCell.swift */,
				9F30DA6421C3CED800A13E3A /* NewsDetailDescriptionTableViewCell.swift */,
				9F30DA6621C3CF2000A13E3A /* NewsWebTableViewCell.swift */,
			);
			path = View;
			sourceTree = "<group>";
		};
		9FB40A6B21C226F30050E2DE /* ViewModel */ = {
			isa = PBXGroup;
			children = (
				9FB40A6C21C22E4E0050E2DE /* TopNewsCellModel.swift */,
				9FB40A7421C256480050E2DE /* FilterViewModel.swift */,
			);
			path = ViewModel;
			sourceTree = "<group>";
		};
/* End PBXGroup section */

/* Begin PBXHeadersBuildPhase section */
		9FAADC97219C6E2A00B7DD30 /* Headers */ = {
			isa = PBXHeadersBuildPhase;
			buildActionMask = 2147483647;
			files = (
				9FAADC9E219C6E2A00B7DD30 /* Model.h in Headers */,
			);
			runOnlyForDeploymentPostprocessing = 0;
		};
/* End PBXHeadersBuildPhase section */

/* Begin PBXNativeTarget section */
		9FAADC4F219C4E0F00B7DD30 /* NewsCup */ = {
			isa = PBXNativeTarget;
			buildConfigurationList = 9FAADC62219C4E1200B7DD30 /* Build configuration list for PBXNativeTarget "NewsCup" */;
			buildPhases = (
				F02EC4B688198CAD2ED7B996 /* [CP] Check Pods Manifest.lock */,
				9FAADC4C219C4E0F00B7DD30 /* Sources */,
				9FAADC4D219C4E0F00B7DD30 /* Frameworks */,
				9FAADC4E219C4E0F00B7DD30 /* Resources */,
				9FAADCA6219C6E2A00B7DD30 /* Embed Frameworks */,
				AA12F1865A26C2669BC0F3BF /* [CP] Embed Pods Frameworks */,
			);
			buildRules = (
			);
			dependencies = (
				9FAADCA0219C6E2A00B7DD30 /* PBXTargetDependency */,
			);
			name = NewsCup;
			productName = NewsCup;
			productReference = 9FAADC50219C4E0F00B7DD30 /* NewsCup.app */;
			productType = "com.apple.product-type.application";
		};
		9FAADC99219C6E2A00B7DD30 /* Model */ = {
			isa = PBXNativeTarget;
			buildConfigurationList = 9FAADCA5219C6E2A00B7DD30 /* Build configuration list for PBXNativeTarget "Model" */;
			buildPhases = (
				35207DC7F889D66FE7713F19 /* [CP] Check Pods Manifest.lock */,
				9FAADC95219C6E2A00B7DD30 /* Sources */,
				9FAADC96219C6E2A00B7DD30 /* Frameworks */,
				9FAADC97219C6E2A00B7DD30 /* Headers */,
				9FAADC98219C6E2A00B7DD30 /* Resources */,
			);
			buildRules = (
			);
			dependencies = (
			);
			name = Model;
			productName = Model;
			productReference = 9FAADC9A219C6E2A00B7DD30 /* Model.framework */;
			productType = "com.apple.product-type.framework";
		};
/* End PBXNativeTarget section */

/* Begin PBXProject section */
		9FAADC48219C4E0F00B7DD30 /* Project object */ = {
			isa = PBXProject;
			attributes = {
				LastSwiftUpdateCheck = 0940;
				LastUpgradeCheck = 0940;
				ORGANIZATIONNAME = Nickelfox;
				TargetAttributes = {
					9FAADC4F219C4E0F00B7DD30 = {
						CreatedOnToolsVersion = 9.4;
					};
					9FAADC99219C6E2A00B7DD30 = {
						CreatedOnToolsVersion = 9.4;
					};
				};
			};
			buildConfigurationList = 9FAADC4B219C4E0F00B7DD30 /* Build configuration list for PBXProject "NewsCup" */;
			compatibilityVersion = "Xcode 9.3";
			developmentRegion = en;
			hasScannedForEncodings = 0;
			knownRegions = (
				en,
				Base,
			);
			mainGroup = 9FAADC47219C4E0F00B7DD30;
			productRefGroup = 9FAADC51219C4E0F00B7DD30 /* Products */;
			projectDirPath = "";
			projectRoot = "";
			targets = (
				9FAADC4F219C4E0F00B7DD30 /* NewsCup */,
				9FAADC99219C6E2A00B7DD30 /* Model */,
			);
		};
/* End PBXProject section */

/* Begin PBXResourcesBuildPhase section */
		9FAADC4E219C4E0F00B7DD30 /* Resources */ = {
			isa = PBXResourcesBuildPhase;
			buildActionMask = 2147483647;
			files = (
				9FB40A6A21C226E10050E2DE /* TopNewsTableViewCell.xib in Resources */,
				9F89D41121C4F9C7006F72B6 /* Source.storyboard in Resources */,
				9FAADC5E219C4E1200B7DD30 /* LaunchScreen.storyboard in Resources */,
				9F05A38721C12C5100ACF0A8 /* Home.storyboard in Resources */,
				9F48512A221FC01C008BD1C3 /* SourceTableViewCell.xib in Resources */,
				9FAADC5B219C4E1200B7DD30 /* Assets.xcassets in Resources */,
				9F89D40A21C4F8FD006F72B6 /* Root.storyboard in Resources */,
				9FAADC59219C4E0F00B7DD30 /* Login.storyboard in Resources */,
				9F05A38321C1200200ACF0A8 /* Headlines.json in Resources */,
			);
			runOnlyForDeploymentPostprocessing = 0;
		};
		9FAADC98219C6E2A00B7DD30 /* Resources */ = {
			isa = PBXResourcesBuildPhase;
			buildActionMask = 2147483647;
			files = (
			);
			runOnlyForDeploymentPostprocessing = 0;
		};
/* End PBXResourcesBuildPhase section */

/* Begin PBXShellScriptBuildPhase section */
		35207DC7F889D66FE7713F19 /* [CP] Check Pods Manifest.lock */ = {
			isa = PBXShellScriptBuildPhase;
			buildActionMask = 2147483647;
			files = (
			);
			inputPaths = (
				"${PODS_PODFILE_DIR_PATH}/Podfile.lock",
				"${PODS_ROOT}/Manifest.lock",
			);
			name = "[CP] Check Pods Manifest.lock";
			outputPaths = (
				"$(DERIVED_FILE_DIR)/Pods-Model-checkManifestLockResult.txt",
			);
			runOnlyForDeploymentPostprocessing = 0;
			shellPath = /bin/sh;
			shellScript = "diff \"${PODS_PODFILE_DIR_PATH}/Podfile.lock\" \"${PODS_ROOT}/Manifest.lock\" > /dev/null\nif [ $? != 0 ] ; then\n    # print error to STDERR\n    echo \"error: The sandbox is not in sync with the Podfile.lock. Run 'pod install' or update your CocoaPods installation.\" >&2\n    exit 1\nfi\n# This output is used by Xcode 'outputs' to avoid re-running this script phase.\necho \"SUCCESS\" > \"${SCRIPT_OUTPUT_FILE_0}\"\n";
			showEnvVarsInLog = 0;
		};
		AA12F1865A26C2669BC0F3BF /* [CP] Embed Pods Frameworks */ = {
			isa = PBXShellScriptBuildPhase;
			buildActionMask = 2147483647;
			files = (
			);
			inputPaths = (
				"${SRCROOT}/Pods/Target Support Files/Pods-NewsCup/Pods-NewsCup-frameworks.sh",
				"${BUILT_PRODUCTS_DIR}/BSKeyboardControls/BSKeyboardControls.framework",
				"${BUILT_PRODUCTS_DIR}/FLLogs/FLLogs.framework",
				"${BUILT_PRODUCTS_DIR}/FLUtilities/FLUtilities.framework",
				"${BUILT_PRODUCTS_DIR}/FormValidation/FormValidation.framework",
				"${BUILT_PRODUCTS_DIR}/MBProgressHUD/MBProgressHUD.framework",
				"${BUILT_PRODUCTS_DIR}/ObjcExceptionBridging/ObjcExceptionBridging.framework",
				"${BUILT_PRODUCTS_DIR}/RxAtomic/RxAtomic.framework",
				"${BUILT_PRODUCTS_DIR}/RxCocoa/RxCocoa.framework",
				"${BUILT_PRODUCTS_DIR}/RxSwift/RxSwift.framework",
				"${BUILT_PRODUCTS_DIR}/SDWebImage/SDWebImage.framework",
				"${BUILT_PRODUCTS_DIR}/SSPullToRefresh/SSPullToRefresh.framework",
				"${BUILT_PRODUCTS_DIR}/XCGLogger/XCGLogger.framework",
				"${BUILT_PRODUCTS_DIR}/Alamofire/Alamofire.framework",
				"${BUILT_PRODUCTS_DIR}/AnyErrorKit/AnyErrorKit.framework",
				"${BUILT_PRODUCTS_DIR}/FoxAPIKit/FoxAPIKit.framework",
				"${BUILT_PRODUCTS_DIR}/JSONParsing/JSONParsing.framework",
				"${BUILT_PRODUCTS_DIR}/SwiftyJSON/SwiftyJSON.framework",
			);
			name = "[CP] Embed Pods Frameworks";
			outputPaths = (
				"${TARGET_BUILD_DIR}/${FRAMEWORKS_FOLDER_PATH}/BSKeyboardControls.framework",
				"${TARGET_BUILD_DIR}/${FRAMEWORKS_FOLDER_PATH}/FLLogs.framework",
				"${TARGET_BUILD_DIR}/${FRAMEWORKS_FOLDER_PATH}/FLUtilities.framework",
				"${TARGET_BUILD_DIR}/${FRAMEWORKS_FOLDER_PATH}/FormValidation.framework",
				"${TARGET_BUILD_DIR}/${FRAMEWORKS_FOLDER_PATH}/MBProgressHUD.framework",
				"${TARGET_BUILD_DIR}/${FRAMEWORKS_FOLDER_PATH}/ObjcExceptionBridging.framework",
				"${TARGET_BUILD_DIR}/${FRAMEWORKS_FOLDER_PATH}/RxAtomic.framework",
				"${TARGET_BUILD_DIR}/${FRAMEWORKS_FOLDER_PATH}/RxCocoa.framework",
				"${TARGET_BUILD_DIR}/${FRAMEWORKS_FOLDER_PATH}/RxSwift.framework",
				"${TARGET_BUILD_DIR}/${FRAMEWORKS_FOLDER_PATH}/SDWebImage.framework",
				"${TARGET_BUILD_DIR}/${FRAMEWORKS_FOLDER_PATH}/SSPullToRefresh.framework",
				"${TARGET_BUILD_DIR}/${FRAMEWORKS_FOLDER_PATH}/XCGLogger.framework",
				"${TARGET_BUILD_DIR}/${FRAMEWORKS_FOLDER_PATH}/Alamofire.framework",
				"${TARGET_BUILD_DIR}/${FRAMEWORKS_FOLDER_PATH}/AnyErrorKit.framework",
				"${TARGET_BUILD_DIR}/${FRAMEWORKS_FOLDER_PATH}/FoxAPIKit.framework",
				"${TARGET_BUILD_DIR}/${FRAMEWORKS_FOLDER_PATH}/JSONParsing.framework",
				"${TARGET_BUILD_DIR}/${FRAMEWORKS_FOLDER_PATH}/SwiftyJSON.framework",
			);
			runOnlyForDeploymentPostprocessing = 0;
			shellPath = /bin/sh;
			shellScript = "\"${SRCROOT}/Pods/Target Support Files/Pods-NewsCup/Pods-NewsCup-frameworks.sh\"\n";
			showEnvVarsInLog = 0;
		};
		F02EC4B688198CAD2ED7B996 /* [CP] Check Pods Manifest.lock */ = {
			isa = PBXShellScriptBuildPhase;
			buildActionMask = 2147483647;
			files = (
			);
			inputPaths = (
				"${PODS_PODFILE_DIR_PATH}/Podfile.lock",
				"${PODS_ROOT}/Manifest.lock",
			);
			name = "[CP] Check Pods Manifest.lock";
			outputPaths = (
				"$(DERIVED_FILE_DIR)/Pods-NewsCup-checkManifestLockResult.txt",
			);
			runOnlyForDeploymentPostprocessing = 0;
			shellPath = /bin/sh;
			shellScript = "diff \"${PODS_PODFILE_DIR_PATH}/Podfile.lock\" \"${PODS_ROOT}/Manifest.lock\" > /dev/null\nif [ $? != 0 ] ; then\n    # print error to STDERR\n    echo \"error: The sandbox is not in sync with the Podfile.lock. Run 'pod install' or update your CocoaPods installation.\" >&2\n    exit 1\nfi\n# This output is used by Xcode 'outputs' to avoid re-running this script phase.\necho \"SUCCESS\" > \"${SCRIPT_OUTPUT_FILE_0}\"\n";
			showEnvVarsInLog = 0;
		};
/* End PBXShellScriptBuildPhase section */

/* Begin PBXSourcesBuildPhase section */
		9FAADC4C219C4E0F00B7DD30 /* Sources */ = {
			isa = PBXSourcesBuildPhase;
			buildActionMask = 2147483647;
			files = (
				9FAADC92219C6D2700B7DD30 /* NavigationItem.swift in Sources */,
				9FAADC77219C6D0800B7DD30 /* TableViewCell.swift in Sources */,
				9FB40A6D21C22E4E0050E2DE /* TopNewsCellModel.swift in Sources */,
				9FAADC76219C6D0800B7DD30 /* ImageView.swift in Sources */,
				9FAADC8D219C6D2700B7DD30 /* Fonts.swift in Sources */,
				9FAADC94219C6D2700B7DD30 /* String+Helper.swift in Sources */,
				9FAADC8A219C6D2700B7DD30 /* Validation+Helper.swift in Sources */,
				9FB40A7121C24DC70050E2DE /* FilterValueTableViewCell.swift in Sources */,
				9FAADC8E219C6D2700B7DD30 /* HTML+Helper.swift in Sources */,
				9FAADC56219C4E0F00B7DD30 /* LoginViewController.swift in Sources */,
				9FAADC89219C6D2700B7DD30 /* UIViewController+Error.swift in Sources */,
				9FAADC8F219C6D2700B7DD30 /* Int+Random.swift in Sources */,
				9FAADC8B219C6D2700B7DD30 /* UIView+Helper.swift in Sources */,
				9FB40A6921C226E10050E2DE /* TopNewsTableViewCell.swift in Sources */,
				9F30DA6721C3CF2000A13E3A /* NewsWebTableViewCell.swift in Sources */,
				9FAADC90219C6D2700B7DD30 /* Colors.swift in Sources */,
				9FAADC88219C6D2700B7DD30 /* NavigationBar.swift in Sources */,
				9F30DA6321C3CE9200A13E3A /* NewsDetailTitleTableViewCell.swift in Sources */,
				9FB40A7521C256480050E2DE /* FilterViewModel.swift in Sources */,
				9FAADC8C219C6D2700B7DD30 /* AppUtility.swift in Sources */,
				9F89D40D21C4F922006F72B6 /* RootViewController.swift in Sources */,
				9FB40A6F21C24DAF0050E2DE /* FilterAttributeTableViewCell.swift in Sources */,
				9FAADC54219C4E0F00B7DD30 /* AppDelegate.swift in Sources */,
				9FB40A7321C24E080050E2DE /* FilterViewController.swift in Sources */,
				9F30DA6521C3CED800A13E3A /* NewsDetailDescriptionTableViewCell.swift in Sources */,
				9F505C28222154E200AF47DB /* PaginationUIManager.swift in Sources */,
				9FA57DC7221F1EF900326B17 /* SourcesViewController.swift in Sources */,
				9F30DA6921C3CFE700A13E3A /* NewsDetailViewController.swift in Sources */,
				9F05A38A21C12ECB00ACF0A8 /* HomeViewController.swift in Sources */,
				9FAADC91219C6D2700B7DD30 /* Date+Helper.swift in Sources */,
				9FA57DCB221F25DF00326B17 /* SourceTableViewCell.swift in Sources */,
				9FAADC79219C6D0900B7DD30 /* Loader.swift in Sources */,
				9F505C27222154E200AF47DB /* PullToRefresh.swift in Sources */,
				9FAADC75219C6D0800B7DD30 /* CollectionViewCell.swift in Sources */,
				9FAADC93219C6D2700B7DD30 /* UIView+Slider.swift in Sources */,
			);
			runOnlyForDeploymentPostprocessing = 0;
		};
		9FAADC95219C6E2A00B7DD30 /* Sources */ = {
			isa = PBXSourcesBuildPhase;
			buildActionMask = 2147483647;
			files = (
				9F05A39221C14A4F00ACF0A8 /* Article.swift in Sources */,
				9F485126221FB428008BD1C3 /* SourceRouter.swift in Sources */,
				9FA57DD0221F28A500326B17 /* Source+API.swift in Sources */,
				9F0BFB21219C7C590039CB5A /* NewsRouter.swift in Sources */,
				9FAADCB6219C6F3600B7DD30 /* CrashLogger.swift in Sources */,
				9FAADCBB219C6F3600B7DD30 /* BaseRouter.swift in Sources */,
				9F05A39021C132FF00ACF0A8 /* Headline+API.swift in Sources */,
				9FAADCBD219C6F3600B7DD30 /* AuthHeaders.swift in Sources */,
				9FAADCB7219C6F3600B7DD30 /* DataModel.swift in Sources */,
				9F05A38E21C1314600ACF0A8 /* HeadlinesRequestParam.swift in Sources */,
				9FA57DCE221F27B900326B17 /* Source.swift in Sources */,
				9FAADCB9219C6F3600B7DD30 /* NewsCupAPIClient.swift in Sources */,
				9FAADCB8219C6F3600B7DD30 /* APIError.swift in Sources */,
				9FAADCBA219C6F3600B7DD30 /* APIConfig.swift in Sources */,
				9FAADCBC219C6F3600B7DD30 /* ErrorResponse.swift in Sources */,
				9FAADCBF219C6F3600B7DD30 /* Analytics.swift in Sources */,
				9FAADCBE219C6F3600B7DD30 /* Date+JSON.swift in Sources */,
			);
			runOnlyForDeploymentPostprocessing = 0;
		};
/* End PBXSourcesBuildPhase section */

/* Begin PBXTargetDependency section */
		9FAADCA0219C6E2A00B7DD30 /* PBXTargetDependency */ = {
			isa = PBXTargetDependency;
			target = 9FAADC99219C6E2A00B7DD30 /* Model */;
			targetProxy = 9FAADC9F219C6E2A00B7DD30 /* PBXContainerItemProxy */;
		};
/* End PBXTargetDependency section */

/* Begin PBXVariantGroup section */
		9FAADC57219C4E0F00B7DD30 /* Login.storyboard */ = {
			isa = PBXVariantGroup;
			children = (
				9FAADC58219C4E0F00B7DD30 /* Base */,
			);
			name = Login.storyboard;
			sourceTree = "<group>";
		};
		9FAADC5C219C4E1200B7DD30 /* LaunchScreen.storyboard */ = {
			isa = PBXVariantGroup;
			children = (
				9FAADC5D219C4E1200B7DD30 /* Base */,
			);
			name = LaunchScreen.storyboard;
			sourceTree = "<group>";
		};
/* End PBXVariantGroup section */

/* Begin XCBuildConfiguration section */
		9FAADC60219C4E1200B7DD30 /* Debug */ = {
			isa = XCBuildConfiguration;
			buildSettings = {
				ALWAYS_SEARCH_USER_PATHS = NO;
				CLANG_ANALYZER_NONNULL = YES;
				CLANG_ANALYZER_NUMBER_OBJECT_CONVERSION = YES_AGGRESSIVE;
				CLANG_CXX_LANGUAGE_STANDARD = "gnu++14";
				CLANG_CXX_LIBRARY = "libc++";
				CLANG_ENABLE_MODULES = YES;
				CLANG_ENABLE_OBJC_ARC = YES;
				CLANG_ENABLE_OBJC_WEAK = YES;
				CLANG_WARN_BLOCK_CAPTURE_AUTORELEASING = YES;
				CLANG_WARN_BOOL_CONVERSION = YES;
				CLANG_WARN_COMMA = YES;
				CLANG_WARN_CONSTANT_CONVERSION = YES;
				CLANG_WARN_DEPRECATED_OBJC_IMPLEMENTATIONS = YES;
				CLANG_WARN_DIRECT_OBJC_ISA_USAGE = YES_ERROR;
				CLANG_WARN_DOCUMENTATION_COMMENTS = YES;
				CLANG_WARN_EMPTY_BODY = YES;
				CLANG_WARN_ENUM_CONVERSION = YES;
				CLANG_WARN_INFINITE_RECURSION = YES;
				CLANG_WARN_INT_CONVERSION = YES;
				CLANG_WARN_NON_LITERAL_NULL_CONVERSION = YES;
				CLANG_WARN_OBJC_IMPLICIT_RETAIN_SELF = YES;
				CLANG_WARN_OBJC_LITERAL_CONVERSION = YES;
				CLANG_WARN_OBJC_ROOT_CLASS = YES_ERROR;
				CLANG_WARN_RANGE_LOOP_ANALYSIS = YES;
				CLANG_WARN_STRICT_PROTOTYPES = YES;
				CLANG_WARN_SUSPICIOUS_MOVE = YES;
				CLANG_WARN_UNGUARDED_AVAILABILITY = YES_AGGRESSIVE;
				CLANG_WARN_UNREACHABLE_CODE = YES;
				CLANG_WARN__DUPLICATE_METHOD_MATCH = YES;
				CODE_SIGN_IDENTITY = "iPhone Developer";
				COPY_PHASE_STRIP = NO;
				DEBUG_INFORMATION_FORMAT = dwarf;
				ENABLE_STRICT_OBJC_MSGSEND = YES;
				ENABLE_TESTABILITY = YES;
				GCC_C_LANGUAGE_STANDARD = gnu11;
				GCC_DYNAMIC_NO_PIC = NO;
				GCC_NO_COMMON_BLOCKS = YES;
				GCC_OPTIMIZATION_LEVEL = 0;
				GCC_PREPROCESSOR_DEFINITIONS = (
					"DEBUG=1",
					"$(inherited)",
				);
				GCC_WARN_64_TO_32_BIT_CONVERSION = YES;
				GCC_WARN_ABOUT_RETURN_TYPE = YES_ERROR;
				GCC_WARN_UNDECLARED_SELECTOR = YES;
				GCC_WARN_UNINITIALIZED_AUTOS = YES_AGGRESSIVE;
				GCC_WARN_UNUSED_FUNCTION = YES;
				GCC_WARN_UNUSED_VARIABLE = YES;
				IPHONEOS_DEPLOYMENT_TARGET = 11.0;
				MTL_ENABLE_DEBUG_INFO = YES;
				ONLY_ACTIVE_ARCH = YES;
				SDKROOT = iphoneos;
				SWIFT_ACTIVE_COMPILATION_CONDITIONS = DEBUG;
				SWIFT_OPTIMIZATION_LEVEL = "-Onone";
				SWIFT_VERSION = 4.0;
			};
			name = Debug;
		};
		9FAADC61219C4E1200B7DD30 /* Release */ = {
			isa = XCBuildConfiguration;
			buildSettings = {
				ALWAYS_SEARCH_USER_PATHS = NO;
				CLANG_ANALYZER_NONNULL = YES;
				CLANG_ANALYZER_NUMBER_OBJECT_CONVERSION = YES_AGGRESSIVE;
				CLANG_CXX_LANGUAGE_STANDARD = "gnu++14";
				CLANG_CXX_LIBRARY = "libc++";
				CLANG_ENABLE_MODULES = YES;
				CLANG_ENABLE_OBJC_ARC = YES;
				CLANG_ENABLE_OBJC_WEAK = YES;
				CLANG_WARN_BLOCK_CAPTURE_AUTORELEASING = YES;
				CLANG_WARN_BOOL_CONVERSION = YES;
				CLANG_WARN_COMMA = YES;
				CLANG_WARN_CONSTANT_CONVERSION = YES;
				CLANG_WARN_DEPRECATED_OBJC_IMPLEMENTATIONS = YES;
				CLANG_WARN_DIRECT_OBJC_ISA_USAGE = YES_ERROR;
				CLANG_WARN_DOCUMENTATION_COMMENTS = YES;
				CLANG_WARN_EMPTY_BODY = YES;
				CLANG_WARN_ENUM_CONVERSION = YES;
				CLANG_WARN_INFINITE_RECURSION = YES;
				CLANG_WARN_INT_CONVERSION = YES;
				CLANG_WARN_NON_LITERAL_NULL_CONVERSION = YES;
				CLANG_WARN_OBJC_IMPLICIT_RETAIN_SELF = YES;
				CLANG_WARN_OBJC_LITERAL_CONVERSION = YES;
				CLANG_WARN_OBJC_ROOT_CLASS = YES_ERROR;
				CLANG_WARN_RANGE_LOOP_ANALYSIS = YES;
				CLANG_WARN_STRICT_PROTOTYPES = YES;
				CLANG_WARN_SUSPICIOUS_MOVE = YES;
				CLANG_WARN_UNGUARDED_AVAILABILITY = YES_AGGRESSIVE;
				CLANG_WARN_UNREACHABLE_CODE = YES;
				CLANG_WARN__DUPLICATE_METHOD_MATCH = YES;
				CODE_SIGN_IDENTITY = "iPhone Developer";
				COPY_PHASE_STRIP = NO;
				DEBUG_INFORMATION_FORMAT = "dwarf-with-dsym";
				ENABLE_NS_ASSERTIONS = NO;
				ENABLE_STRICT_OBJC_MSGSEND = YES;
				GCC_C_LANGUAGE_STANDARD = gnu11;
				GCC_NO_COMMON_BLOCKS = YES;
				GCC_WARN_64_TO_32_BIT_CONVERSION = YES;
				GCC_WARN_ABOUT_RETURN_TYPE = YES_ERROR;
				GCC_WARN_UNDECLARED_SELECTOR = YES;
				GCC_WARN_UNINITIALIZED_AUTOS = YES_AGGRESSIVE;
				GCC_WARN_UNUSED_FUNCTION = YES;
				GCC_WARN_UNUSED_VARIABLE = YES;
				IPHONEOS_DEPLOYMENT_TARGET = 11.0;
				MTL_ENABLE_DEBUG_INFO = NO;
				SDKROOT = iphoneos;
				SWIFT_COMPILATION_MODE = wholemodule;
				SWIFT_OPTIMIZATION_LEVEL = "-O";
				SWIFT_VERSION = 4.0;
				VALIDATE_PRODUCT = YES;
			};
			name = Release;
		};
		9FAADC63219C4E1200B7DD30 /* Debug */ = {
			isa = XCBuildConfiguration;
			baseConfigurationReference = D520FD7C43823AC3041C0069 /* Pods-NewsCup.debug.xcconfig */;
			buildSettings = {
				ALWAYS_EMBED_SWIFT_STANDARD_LIBRARIES = YES;
				ASSETCATALOG_COMPILER_APPICON_NAME = AppIcon;
				CODE_SIGN_STYLE = Automatic;
				DEVELOPMENT_TEAM = KC9N23CAXG;
				INFOPLIST_FILE = NewsCup/Resources/Info.plist;
				IPHONEOS_DEPLOYMENT_TARGET = 11.0;
				LD_RUNPATH_SEARCH_PATHS = (
					"$(inherited)",
					"@executable_path/Frameworks",
				);
				PRODUCT_BUNDLE_IDENTIFIER = com.nickelfox.NewsCup;
				PRODUCT_NAME = "$(TARGET_NAME)";
				SWIFT_VERSION = 4.0;
				TARGETED_DEVICE_FAMILY = 1;
			};
			name = Debug;
		};
		9FAADC64219C4E1200B7DD30 /* Release */ = {
			isa = XCBuildConfiguration;
			baseConfigurationReference = EEEE784D201308084FFF5A92 /* Pods-NewsCup.release.xcconfig */;
			buildSettings = {
				ALWAYS_EMBED_SWIFT_STANDARD_LIBRARIES = YES;
				ASSETCATALOG_COMPILER_APPICON_NAME = AppIcon;
				CODE_SIGN_STYLE = Automatic;
				DEVELOPMENT_TEAM = KC9N23CAXG;
				INFOPLIST_FILE = NewsCup/Resources/Info.plist;
				IPHONEOS_DEPLOYMENT_TARGET = 11.0;
				LD_RUNPATH_SEARCH_PATHS = (
					"$(inherited)",
					"@executable_path/Frameworks",
				);
				PRODUCT_BUNDLE_IDENTIFIER = com.nickelfox.NewsCup;
				PRODUCT_NAME = "$(TARGET_NAME)";
				SWIFT_VERSION = 4.0;
				TARGETED_DEVICE_FAMILY = 1;
			};
			name = Release;
		};
		9FAADCA3219C6E2A00B7DD30 /* Debug */ = {
			isa = XCBuildConfiguration;
			baseConfigurationReference = 7EB3E16073D7F1F2F50FBA90 /* Pods-Model.debug.xcconfig */;
			buildSettings = {
				CODE_SIGN_IDENTITY = "";
				CODE_SIGN_STYLE = Automatic;
				CURRENT_PROJECT_VERSION = 1;
				DEFINES_MODULE = YES;
				DEVELOPMENT_TEAM = KC9N23CAXG;
				DYLIB_COMPATIBILITY_VERSION = 1;
				DYLIB_CURRENT_VERSION = 1;
				DYLIB_INSTALL_NAME_BASE = "@rpath";
				INFOPLIST_FILE = Model/Info.plist;
				INSTALL_PATH = "$(LOCAL_LIBRARY_DIR)/Frameworks";
				IPHONEOS_DEPLOYMENT_TARGET = 11.0;
				LD_RUNPATH_SEARCH_PATHS = (
					"$(inherited)",
					"@executable_path/Frameworks",
					"@loader_path/Frameworks",
				);
				PRODUCT_BUNDLE_IDENTIFIER = com.nickelfox.Model;
				PRODUCT_NAME = "$(TARGET_NAME:c99extidentifier)";
				SKIP_INSTALL = YES;
				SWIFT_VERSION = 4.0;
				TARGETED_DEVICE_FAMILY = "1,2";
				VERSIONING_SYSTEM = "apple-generic";
				VERSION_INFO_PREFIX = "";
			};
			name = Debug;
		};
		9FAADCA4219C6E2A00B7DD30 /* Release */ = {
			isa = XCBuildConfiguration;
			baseConfigurationReference = 88B36806804093A5DC90CC25 /* Pods-Model.release.xcconfig */;
			buildSettings = {
				CODE_SIGN_IDENTITY = "";
				CODE_SIGN_STYLE = Automatic;
				CURRENT_PROJECT_VERSION = 1;
				DEFINES_MODULE = YES;
				DEVELOPMENT_TEAM = KC9N23CAXG;
				DYLIB_COMPATIBILITY_VERSION = 1;
				DYLIB_CURRENT_VERSION = 1;
				DYLIB_INSTALL_NAME_BASE = "@rpath";
				INFOPLIST_FILE = Model/Info.plist;
				INSTALL_PATH = "$(LOCAL_LIBRARY_DIR)/Frameworks";
				IPHONEOS_DEPLOYMENT_TARGET = 11.0;
				LD_RUNPATH_SEARCH_PATHS = (
					"$(inherited)",
					"@executable_path/Frameworks",
					"@loader_path/Frameworks",
				);
				PRODUCT_BUNDLE_IDENTIFIER = com.nickelfox.Model;
				PRODUCT_NAME = "$(TARGET_NAME:c99extidentifier)";
				SKIP_INSTALL = YES;
				SWIFT_VERSION = 4.0;
				TARGETED_DEVICE_FAMILY = "1,2";
				VERSIONING_SYSTEM = "apple-generic";
				VERSION_INFO_PREFIX = "";
			};
			name = Release;
		};
/* End XCBuildConfiguration section */

/* Begin XCConfigurationList section */
		9FAADC4B219C4E0F00B7DD30 /* Build configuration list for PBXProject "NewsCup" */ = {
			isa = XCConfigurationList;
			buildConfigurations = (
				9FAADC60219C4E1200B7DD30 /* Debug */,
				9FAADC61219C4E1200B7DD30 /* Release */,
			);
			defaultConfigurationIsVisible = 0;
			defaultConfigurationName = Release;
		};
		9FAADC62219C4E1200B7DD30 /* Build configuration list for PBXNativeTarget "NewsCup" */ = {
			isa = XCConfigurationList;
			buildConfigurations = (
				9FAADC63219C4E1200B7DD30 /* Debug */,
				9FAADC64219C4E1200B7DD30 /* Release */,
			);
			defaultConfigurationIsVisible = 0;
			defaultConfigurationName = Release;
		};
		9FAADCA5219C6E2A00B7DD30 /* Build configuration list for PBXNativeTarget "Model" */ = {
			isa = XCConfigurationList;
			buildConfigurations = (
				9FAADCA3219C6E2A00B7DD30 /* Debug */,
				9FAADCA4219C6E2A00B7DD30 /* Release */,
			);
			defaultConfigurationIsVisible = 0;
			defaultConfigurationName = Release;
		};
/* End XCConfigurationList section */
	};
	rootObject = 9FAADC48219C4E0F00B7DD30 /* Project object */;
}
